// !$*UTF8*$!
{
	archiveVersion = 1;
	classes = {
	};
	objectVersion = 50;
	objects = {

/* Begin PBXBuildFile section */
		11143017209F4D490089294D /* AppDelegate.swift in Sources */ = {isa = PBXBuildFile; fileRef = 11143016209F4D490089294D /* AppDelegate.swift */; };
		11143019209F4D490089294D /* ViewController.swift in Sources */ = {isa = PBXBuildFile; fileRef = 11143018209F4D490089294D /* ViewController.swift */; };
		1114301C209F4D490089294D /* Main.storyboard in Resources */ = {isa = PBXBuildFile; fileRef = 1114301A209F4D490089294D /* Main.storyboard */; };
		1114301E209F4D4A0089294D /* Assets.xcassets in Resources */ = {isa = PBXBuildFile; fileRef = 1114301D209F4D4A0089294D /* Assets.xcassets */; };
		11143021209F4D4A0089294D /* LaunchScreen.storyboard in Resources */ = {isa = PBXBuildFile; fileRef = 1114301F209F4D4A0089294D /* LaunchScreen.storyboard */; };
		11143029209F54AF0089294D /* LoginInteractorProtocol.swift in Sources */ = {isa = PBXBuildFile; fileRef = 11143028209F54AF0089294D /* LoginInteractorProtocol.swift */; };
		1114302B209F55360089294D /* LoginInteractorImpl.swift in Sources */ = {isa = PBXBuildFile; fileRef = 1114302A209F55360089294D /* LoginInteractorImpl.swift */; };
/* End PBXBuildFile section */

/* Begin PBXFileReference section */
		11143013209F4D490089294D /* logintest.app */ = {isa = PBXFileReference; explicitFileType = wrapper.application; includeInIndex = 0; path = logintest.app; sourceTree = BUILT_PRODUCTS_DIR; };
		11143016209F4D490089294D /* AppDelegate.swift */ = {isa = PBXFileReference; lastKnownFileType = sourcecode.swift; path = AppDelegate.swift; sourceTree = "<group>"; };
		11143018209F4D490089294D /* ViewController.swift */ = {isa = PBXFileReference; lastKnownFileType = sourcecode.swift; path = ViewController.swift; sourceTree = "<group>"; };
		1114301B209F4D490089294D /* Base */ = {isa = PBXFileReference; lastKnownFileType = file.storyboard; name = Base; path = Base.lproj/Main.storyboard; sourceTree = "<group>"; };
		1114301D209F4D4A0089294D /* Assets.xcassets */ = {isa = PBXFileReference; lastKnownFileType = folder.assetcatalog; path = Assets.xcassets; sourceTree = "<group>"; };
		11143020209F4D4A0089294D /* Base */ = {isa = PBXFileReference; lastKnownFileType = file.storyboard; name = Base; path = Base.lproj/LaunchScreen.storyboard; sourceTree = "<group>"; };
		11143022209F4D4A0089294D /* Info.plist */ = {isa = PBXFileReference; lastKnownFileType = text.plist.xml; path = Info.plist; sourceTree = "<group>"; };
		11143028209F54AF0089294D /* LoginInteractorProtocol.swift */ = {isa = PBXFileReference; lastKnownFileType = sourcecode.swift; path = LoginInteractorProtocol.swift; sourceTree = "<group>"; };
		1114302A209F55360089294D /* LoginInteractorImpl.swift */ = {isa = PBXFileReference; lastKnownFileType = sourcecode.swift; path = LoginInteractorImpl.swift; sourceTree = "<group>"; };
/* End PBXFileReference section */

/* Begin PBXFrameworksBuildPhase section */
		11143010209F4D490089294D /* Frameworks */ = {
			isa = PBXFrameworksBuildPhase;
			buildActionMask = 2147483647;
			files = (
			);
			runOnlyForDeploymentPostprocessing = 0;
		};
/* End PBXFrameworksBuildPhase section */

/* Begin PBXGroup section */
		1114300A209F4D490089294D = {
			isa = PBXGroup;
			children = (
				11143015209F4D490089294D /* logintest */,
				11143014209F4D490089294D /* Products */,
			);
			sourceTree = "<group>";
		};
		11143014209F4D490089294D /* Products */ = {
			isa = PBXGroup;
			children = (
				11143013209F4D490089294D /* logintest.app */,
			);
			name = Products;
			sourceTree = "<group>";
		};
		11143015209F4D490089294D /* logintest */ = {
			isa = PBXGroup;
			children = (
				11143016209F4D490089294D /* AppDelegate.swift */,
				11143018209F4D490089294D /* ViewController.swift */,
				1114301A209F4D490089294D /* Main.storyboard */,
				1114301D209F4D4A0089294D /* Assets.xcassets */,
				1114301F209F4D4A0089294D /* LaunchScreen.storyboard */,
				11143022209F4D4A0089294D /* Info.plist */,
				11143028209F54AF0089294D /* LoginInteractorProtocol.swift */,
				1114302A209F55360089294D /* LoginInteractorImpl.swift */,
			);
			path = logintest;
			sourceTree = "<group>";
		};
/* End PBXGroup section */

/* Begin PBXNativeTarget section */
		11143012209F4D490089294D /* logintest */ = {
			isa = PBXNativeTarget;
			buildConfigurationList = 11143025209F4D4A0089294D /* Build configuration list for PBXNativeTarget "logintest" */;
			buildPhases = (
				1114300F209F4D490089294D /* Sources */,
				11143010209F4D490089294D /* Frameworks */,
				11143011209F4D490089294D /* Resources */,
			);
			buildRules = (
			);
			dependencies = (
			);
			name = logintest;
			productName = logintest;
			productReference = 11143013209F4D490089294D /* logintest.app */;
			productType = "com.apple.product-type.application";
		};
/* End PBXNativeTarget section */

/* Begin PBXProject section */
		1114300B209F4D490089294D /* Project object */ = {
			isa = PBXProject;
			attributes = {
				LastSwiftUpdateCheck = 0930;
				LastUpgradeCheck = 0930;
				ORGANIZATIONNAME = "jose luis sanchez-porro godoy";
				TargetAttributes = {
					11143012209F4D490089294D = {
						CreatedOnToolsVersion = 9.3;
					};
				};
			};
			buildConfigurationList = 1114300E209F4D490089294D /* Build configuration list for PBXProject "logintest" */;
			compatibilityVersion = "Xcode 9.3";
			developmentRegion = en;
			hasScannedForEncodings = 0;
			knownRegions = (
				en,
				Base,
			);
			mainGroup = 1114300A209F4D490089294D;
			productRefGroup = 11143014209F4D490089294D /* Products */;
			projectDirPath = "";
			projectRoot = "";
			targets = (
				11143012209F4D490089294D /* logintest */,
			);
		};
/* End PBXProject section */

/* Begin PBXResourcesBuildPhase section */
		11143011209F4D490089294D /* Resources */ = {
			isa = PBXResourcesBuildPhase;
			buildActionMask = 2147483647;
			files = (
				11143021209F4D4A0089294D /* LaunchScreen.storyboard in Resources */,
				1114301E209F4D4A0089294D /* Assets.xcassets in Resources */,
				1114301C209F4D490089294D /* Main.storyboard in Resources */,
			);
			runOnlyForDeploymentPostprocessing = 0;
		};
/* End PBXResourcesBuildPhase section */

/* Begin PBXSourcesBuildPhase section */
		1114300F209F4D490089294D /* Sources */ = {
			isa = PBXSourcesBuildPhase;
			buildActionMask = 2147483647;
			files = (
				11143019209F4D490089294D /* ViewController.swift in Sources */,
				11143017209F4D490089294D /* AppDelegate.swift in Sources */,
				1114302B209F55360089294D /* LoginInteractorImpl.swift in Sources */,
				11143029209F54AF0089294D /* LoginInteractorProtocol.swift in Sources */,
			);
			runOnlyForDeploymentPostprocessing = 0;
		};
/* End PBXSourcesBuildPhase section */

/* Begin PBXVariantGroup section */
		1114301A209F4D490089294D /* Main.storyboard */ = {
			isa = PBXVariantGroup;
			children = (
				1114301B209F4D490089294D /* Base */,
			);
			name = Main.storyboard;
			sourceTree = "<group>";
		};
		1114301F209F4D4A0089294D /* LaunchScreen.storyboard */ = {
			isa = PBXVariantGroup;
			children = (
				11143020209F4D4A0089294D /* Base */,
			);
			name = LaunchScreen.storyboard;
			sourceTree = "<group>";
		};
/* End PBXVariantGroup section */

/* Begin XCBuildConfiguration section */
		11143023209F4D4A0089294D /* Debug */ = {
			isa = XCBuildConfiguration;
			buildSettings = {
				ALWAYS_SEARCH_USER_PATHS = NO;
				CLANG_ANALYZER_NONNULL = YES;
				CLANG_ANALYZER_NUMBER_OBJECT_CONVERSION = YES_AGGRESSIVE;
				CLANG_CXX_LANGUAGE_STANDARD = "gnu++14";
				CLANG_CXX_LIBRARY = "libc++";
				CLANG_ENABLE_MODULES = YES;
				CLANG_ENABLE_OBJC_ARC = YES;
				CLANG_ENABLE_OBJC_WEAK = YES;
				CLANG_WARN_BLOCK_CAPTURE_AUTORELEASING = YES;
				CLANG_WARN_BOOL_CONVERSION = YES;
				CLANG_WARN_COMMA = YES;
				CLANG_WARN_CONSTANT_CONVERSION = YES;
				CLANG_WARN_DEPRECATED_OBJC_IMPLEMENTATIONS = YES;
				CLANG_WARN_DIRECT_OBJC_ISA_USAGE = YES_ERROR;
				CLANG_WARN_DOCUMENTATION_COMMENTS = YES;
				CLANG_WARN_EMPTY_BODY = YES;
				CLANG_WARN_ENUM_CONVERSION = YES;
				CLANG_WARN_INFINITE_RECURSION = YES;
				CLANG_WARN_INT_CONVERSION = YES;
				CLANG_WARN_NON_LITERAL_NULL_CONVERSION = YES;
				CLANG_WARN_OBJC_IMPLICIT_RETAIN_SELF = YES;
				CLANG_WARN_OBJC_LITERAL_CONVERSION = YES;
				CLANG_WARN_OBJC_ROOT_CLASS = YES_ERROR;
				CLANG_WARN_RANGE_LOOP_ANALYSIS = YES;
				CLANG_WARN_STRICT_PROTOTYPES = YES;
				CLANG_WARN_SUSPICIOUS_MOVE = YES;
				CLANG_WARN_UNGUARDED_AVAILABILITY = YES_AGGRESSIVE;
				CLANG_WARN_UNREACHABLE_CODE = YES;
				CLANG_WARN__DUPLICATE_METHOD_MATCH = YES;
				CODE_SIGN_IDENTITY = "iPhone Developer";
				COPY_PHASE_STRIP = NO;
				DEBUG_INFORMATION_FORMAT = dwarf;
				ENABLE_STRICT_OBJC_MSGSEND = YES;
				ENABLE_TESTABILITY = YES;
				GCC_C_LANGUAGE_STANDARD = gnu11;
				GCC_DYNAMIC_NO_PIC = NO;
				GCC_NO_COMMON_BLOCKS = YES;
				GCC_OPTIMIZATION_LEVEL = 0;
				GCC_PREPROCESSOR_DEFINITIONS = (
					"DEBUG=1",
					"$(inherited)",
				);
				GCC_WARN_64_TO_32_BIT_CONVERSION = YES;
				GCC_WARN_ABOUT_RETURN_TYPE = YES_ERROR;
				GCC_WARN_UNDECLARED_SELECTOR = YES;
				GCC_WARN_UNINITIALIZED_AUTOS = YES_AGGRESSIVE;
				GCC_WARN_UNUSED_FUNCTION = YES;
				GCC_WARN_UNUSED_VARIABLE = YES;
				IPHONEOS_DEPLOYMENT_TARGET = 11.3;
				MTL_ENABLE_DEBUG_INFO = YES;
				ONLY_ACTIVE_ARCH = YES;
				SDKROOT = iphoneos;
				SWIFT_ACTIVE_COMPILATION_CONDITIONS = DEBUG;
				SWIFT_OPTIMIZATION_LEVEL = "-Onone";
			};
			name = Debug;
		};
		11143024209F4D4A0089294D /* Release */ = {
			isa = XCBuildConfiguration;
			buildSettings = {
				ALWAYS_SEARCH_USER_PATHS = NO;
				CLANG_ANALYZER_NONNULL = YES;
				CLANG_ANALYZER_NUMBER_OBJECT_CONVERSION = YES_AGGRESSIVE;
				CLANG_CXX_LANGUAGE_STANDARD = "gnu++14";
				CLANG_CXX_LIBRARY = "libc++";
				CLANG_ENABLE_MODULES = YES;
				CLANG_ENABLE_OBJC_ARC = YES;
				CLANG_ENABLE_OBJC_WEAK = YES;
				CLANG_WARN_BLOCK_CAPTURE_AUTORELEASING = YES;
				CLANG_WARN_BOOL_CONVERSION = YES;
				CLANG_WARN_COMMA = YES;
				CLANG_WARN_CONSTANT_CONVERSION = YES;
				CLANG_WARN_DEPRECATED_OBJC_IMPLEMENTATIONS = YES;
				CLANG_WARN_DIRECT_OBJC_ISA_USAGE = YES_ERROR;
				CLANG_WARN_DOCUMENTATION_COMMENTS = YES;
				CLANG_WARN_EMPTY_BODY = YES;
				CLANG_WARN_ENUM_CONVERSION = YES;
				CLANG_WARN_INFINITE_RECURSION = YES;
				CLANG_WARN_INT_CONVERSION = YES;
				CLANG_WARN_NON_LITERAL_NULL_CONVERSION = YES;
				CLANG_WARN_OBJC_IMPLICIT_RETAIN_SELF = YES;
				CLANG_WARN_OBJC_LITERAL_CONVERSION = YES;
				CLANG_WARN_OBJC_ROOT_CLASS = YES_ERROR;
				CLANG_WARN_RANGE_LOOP_ANALYSIS = YES;
				CLANG_WARN_STRICT_PROTOTYPES = YES;
				CLANG_WARN_SUSPICIOUS_MOVE = YES;
				CLANG_WARN_UNGUARDED_AVAILABILITY = YES_AGGRESSIVE;
				CLANG_WARN_UNREACHABLE_CODE = YES;
				CLANG_WARN__DUPLICATE_METHOD_MATCH = YES;
				CODE_SIGN_IDENTITY = "iPhone Developer";
				COPY_PHASE_STRIP = NO;
				DEBUG_INFORMATION_FORMAT = "dwarf-with-dsym";
				ENABLE_NS_ASSERTIONS = NO;
				ENABLE_STRICT_OBJC_MSGSEND = YES;
				GCC_C_LANGUAGE_STANDARD = gnu11;
				GCC_NO_COMMON_BLOCKS = YES;
				GCC_WARN_64_TO_32_BIT_CONVERSION = YES;
				GCC_WARN_ABOUT_RETURN_TYPE = YES_ERROR;
				GCC_WARN_UNDECLARED_SELECTOR = YES;
				GCC_WARN_UNINITIALIZED_AUTOS = YES_AGGRESSIVE;
				GCC_WARN_UNUSED_FUNCTION = YES;
				GCC_WARN_UNUSED_VARIABLE = YES;
				IPHONEOS_DEPLOYMENT_TARGET = 11.3;
				MTL_ENABLE_DEBUG_INFO = NO;
				SDKROOT = iphoneos;
				SWIFT_COMPILATION_MODE = wholemodule;
				SWIFT_OPTIMIZATION_LEVEL = "-O";
				VALIDATE_PRODUCT = YES;
			};
			name = Release;
		};
		11143026209F4D4A0089294D /* Debug */ = {
			isa = XCBuildConfiguration;
			buildSettings = {
				ASSETCATALOG_COMPILER_APPICON_NAME = AppIcon;
				CODE_SIGN_STYLE = Automatic;
				DEVELOPMENT_TEAM = 57XEBN6426;
				INFOPLIST_FILE = logintest/Info.plist;
				LD_RUNPATH_SEARCH_PATHS = (
					"$(inherited)",
					"@executable_path/Frameworks",
				);
				PRODUCT_BUNDLE_IDENTIFIER = jlspg.logintest;
				PRODUCT_NAME = "$(TARGET_NAME)";
				SWIFT_VERSION = 4.0;
				TARGETED_DEVICE_FAMILY = "1,2";
			};
			name = Debug;
		};
		11143027209F4D4A0089294D /* Release */ = {
			isa = XCBuildConfiguration;
			buildSettings = {
				ASSETCATALOG_COMPILER_APPICON_NAME = AppIcon;
				CODE_SIGN_STYLE = Automatic;
				DEVELOPMENT_TEAM = 57XEBN6426;
				INFOPLIST_FILE = logintest/Info.plist;
				LD_RUNPATH_SEARCH_PATHS = (
					"$(inherited)",
					"@executable_path/Frameworks",
				);
				PRODUCT_BUNDLE_IDENTIFIER = jlspg.logintest;
				PRODUCT_NAME = "$(TARGET_NAME)";
				SWIFT_VERSION = 4.0;
				TARGETED_DEVICE_FAMILY = "1,2";
			};
			name = Release;
		};
/* End XCBuildConfiguration section */

/* Begin XCConfigurationList section */
		1114300E209F4D490089294D /* Build configuration list for PBXProject "logintest" */ = {
			isa = XCConfigurationList;
			buildConfigurations = (
				11143023209F4D4A0089294D /* Debug */,
				11143024209F4D4A0089294D /* Release */,
			);
			defaultConfigurationIsVisible = 0;
			defaultConfigurationName = Release;
		};
		11143025209F4D4A0089294D /* Build configuration list for PBXNativeTarget "logintest" */ = {
			isa = XCConfigurationList;
			buildConfigurations = (
				11143026209F4D4A0089294D /* Debug */,
				11143027209F4D4A0089294D /* Release */,
			);
			defaultConfigurationIsVisible = 0;
			defaultConfigurationName = Release;
		};
/* End XCConfigurationList section */
	};
	rootObject = 1114300B209F4D490089294D /* Project object */;
}
